// !$*UTF8*$!
{
	archiveVersion = 1;
	classes = {
	};
	objectVersion = 50;
	objects = {

/* Begin PBXBuildFile section */
		2ADFB75020AE2ED300246822 /* AppDelegate.swift in Sources */ = {isa = PBXBuildFile; fileRef = 2ADFB74F20AE2ED300246822 /* AppDelegate.swift */; };
		2ADFB75220AE2ED400246822 /* ViewController.swift in Sources */ = {isa = PBXBuildFile; fileRef = 2ADFB75120AE2ED400246822 /* ViewController.swift */; };
		2ADFB75520AE2ED400246822 /* Main.storyboard in Resources */ = {isa = PBXBuildFile; fileRef = 2ADFB75320AE2ED400246822 /* Main.storyboard */; };
		2ADFB75720AE2ED500246822 /* Assets.xcassets in Resources */ = {isa = PBXBuildFile; fileRef = 2ADFB75620AE2ED500246822 /* Assets.xcassets */; };
		2ADFB75A20AE2ED500246822 /* LaunchScreen.storyboard in Resources */ = {isa = PBXBuildFile; fileRef = 2ADFB75820AE2ED500246822 /* LaunchScreen.storyboard */; };
/* End PBXBuildFile section */

/* Begin PBXFileReference section */
		2ADFB74C20AE2ED300246822 /* GoogleMapsSearchPlaceSwift.app */ = {isa = PBXFileReference; explicitFileType = wrapper.application; includeInIndex = 0; path = GoogleMapsSearchPlaceSwift.app; sourceTree = BUILT_PRODUCTS_DIR; };
		2ADFB74F20AE2ED300246822 /* AppDelegate.swift */ = {isa = PBXFileReference; lastKnownFileType = sourcecode.swift; path = AppDelegate.swift; sourceTree = "<group>"; };
		2ADFB75120AE2ED400246822 /* ViewController.swift */ = {isa = PBXFileReference; lastKnownFileType = sourcecode.swift; path = ViewController.swift; sourceTree = "<group>"; };
		2ADFB75420AE2ED400246822 /* Base */ = {isa = PBXFileReference; lastKnownFileType = file.storyboard; name = Base; path = Base.lproj/Main.storyboard; sourceTree = "<group>"; };
		2ADFB75620AE2ED500246822 /* Assets.xcassets */ = {isa = PBXFileReference; lastKnownFileType = folder.assetcatalog; path = Assets.xcassets; sourceTree = "<group>"; };
		2ADFB75920AE2ED500246822 /* Base */ = {isa = PBXFileReference; lastKnownFileType = file.storyboard; name = Base; path = Base.lproj/LaunchScreen.storyboard; sourceTree = "<group>"; };
		2ADFB75B20AE2ED500246822 /* Info.plist */ = {isa = PBXFileReference; lastKnownFileType = text.plist.xml; path = Info.plist; sourceTree = "<group>"; };
/* End PBXFileReference section */

/* Begin PBXFrameworksBuildPhase section */
		2ADFB74920AE2ED300246822 /* Frameworks */ = {
			isa = PBXFrameworksBuildPhase;
			buildActionMask = 2147483647;
			files = (
			);
			runOnlyForDeploymentPostprocessing = 0;
		};
/* End PBXFrameworksBuildPhase section */

/* Begin PBXGroup section */
		2ADFB74320AE2ED300246822 = {
			isa = PBXGroup;
			children = (
				2ADFB74E20AE2ED300246822 /* GoogleMapsSearchPlaceSwift */,
				2ADFB74D20AE2ED300246822 /* Products */,
			);
			sourceTree = "<group>";
		};
		2ADFB74D20AE2ED300246822 /* Products */ = {
			isa = PBXGroup;
			children = (
				2ADFB74C20AE2ED300246822 /* GoogleMapsSearchPlaceSwift.app */,
			);
			name = Products;
			sourceTree = "<group>";
		};
		2ADFB74E20AE2ED300246822 /* GoogleMapsSearchPlaceSwift */ = {
			isa = PBXGroup;
			children = (
				2ADFB74F20AE2ED300246822 /* AppDelegate.swift */,
				2ADFB75120AE2ED400246822 /* ViewController.swift */,
				2ADFB75320AE2ED400246822 /* Main.storyboard */,
				2ADFB75620AE2ED500246822 /* Assets.xcassets */,
				2ADFB75820AE2ED500246822 /* LaunchScreen.storyboard */,
				2ADFB75B20AE2ED500246822 /* Info.plist */,
			);
			path = GoogleMapsSearchPlaceSwift;
			sourceTree = "<group>";
		};
/* End PBXGroup section */

/* Begin PBXNativeTarget section */
		2ADFB74B20AE2ED300246822 /* GoogleMapsSearchPlaceSwift */ = {
			isa = PBXNativeTarget;
			buildConfigurationList = 2ADFB75E20AE2ED500246822 /* Build configuration list for PBXNativeTarget "GoogleMapsSearchPlaceSwift" */;
			buildPhases = (
				2ADFB74820AE2ED300246822 /* Sources */,
				2ADFB74920AE2ED300246822 /* Frameworks */,
				2ADFB74A20AE2ED300246822 /* Resources */,
			);
			buildRules = (
			);
			dependencies = (
			);
			name = GoogleMapsSearchPlaceSwift;
			productName = GoogleMapsSearchPlaceSwift;
			productReference = 2ADFB74C20AE2ED300246822 /* GoogleMapsSearchPlaceSwift.app */;
			productType = "com.apple.product-type.application";
		};
/* End PBXNativeTarget section */

/* Begin PBXProject section */
		2ADFB74420AE2ED300246822 /* Project object */ = {
			isa = PBXProject;
			attributes = {
				LastSwiftUpdateCheck = 0930;
				LastUpgradeCheck = 0930;
				ORGANIZATIONNAME = "Максим Атюцкий";
				TargetAttributes = {
					2ADFB74B20AE2ED300246822 = {
						CreatedOnToolsVersion = 9.3.1;
					};
				};
			};
			buildConfigurationList = 2ADFB74720AE2ED300246822 /* Build configuration list for PBXProject "GoogleMapsSearchPlaceSwift" */;
			compatibilityVersion = "Xcode 9.3";
			developmentRegion = en;
			hasScannedForEncodings = 0;
			knownRegions = (
				en,
				Base,
			);
			mainGroup = 2ADFB74320AE2ED300246822;
			productRefGroup = 2ADFB74D20AE2ED300246822 /* Products */;
			projectDirPath = "";
			projectRoot = "";
			targets = (
				2ADFB74B20AE2ED300246822 /* GoogleMapsSearchPlaceSwift */,
			);
		};
/* End PBXProject section */

/* Begin PBXResourcesBuildPhase section */
		2ADFB74A20AE2ED300246822 /* Resources */ = {
			isa = PBXResourcesBuildPhase;
			buildActionMask = 2147483647;
			files = (
				2ADFB75A20AE2ED500246822 /* LaunchScreen.storyboard in Resources */,
				2ADFB75720AE2ED500246822 /* Assets.xcassets in Resources */,
				2ADFB75520AE2ED400246822 /* Main.storyboard in Resources */,
			);
			runOnlyForDeploymentPostprocessing = 0;
		};
/* End PBXResourcesBuildPhase section */

/* Begin PBXSourcesBuildPhase section */
		2ADFB74820AE2ED300246822 /* Sources */ = {
			isa = PBXSourcesBuildPhase;
			buildActionMask = 2147483647;
			files = (
				2ADFB75220AE2ED400246822 /* ViewController.swift in Sources */,
				2ADFB75020AE2ED300246822 /* AppDelegate.swift in Sources */,
			);
			runOnlyForDeploymentPostprocessing = 0;
		};
/* End PBXSourcesBuildPhase section */

/* Begin PBXVariantGroup section */
		2ADFB75320AE2ED400246822 /* Main.storyboard */ = {
			isa = PBXVariantGroup;
			children = (
				2ADFB75420AE2ED400246822 /* Base */,
			);
			name = Main.storyboard;
			sourceTree = "<group>";
		};
		2ADFB75820AE2ED500246822 /* LaunchScreen.storyboard */ = {
			isa = PBXVariantGroup;
			children = (
				2ADFB75920AE2ED500246822 /* Base */,
			);
			name = LaunchScreen.storyboard;
			sourceTree = "<group>";
		};
/* End PBXVariantGroup section */

/* Begin XCBuildConfiguration section */
		2ADFB75C20AE2ED500246822 /* Debug */ = {
			isa = XCBuildConfiguration;
			buildSettings = {
				ALWAYS_SEARCH_USER_PATHS = NO;
				CLANG_ANALYZER_NONNULL = YES;
				CLANG_ANALYZER_NUMBER_OBJECT_CONVERSION = YES_AGGRESSIVE;
				CLANG_CXX_LANGUAGE_STANDARD = "gnu++14";
				CLANG_CXX_LIBRARY = "libc++";
				CLANG_ENABLE_MODULES = YES;
				CLANG_ENABLE_OBJC_ARC = YES;
				CLANG_ENABLE_OBJC_WEAK = YES;
				CLANG_WARN_BLOCK_CAPTURE_AUTORELEASING = YES;
				CLANG_WARN_BOOL_CONVERSION = YES;
				CLANG_WARN_COMMA = YES;
				CLANG_WARN_CONSTANT_CONVERSION = YES;
				CLANG_WARN_DEPRECATED_OBJC_IMPLEMENTATIONS = YES;
				CLANG_WARN_DIRECT_OBJC_ISA_USAGE = YES_ERROR;
				CLANG_WARN_DOCUMENTATION_COMMENTS = YES;
				CLANG_WARN_EMPTY_BODY = YES;
				CLANG_WARN_ENUM_CONVERSION = YES;
				CLANG_WARN_INFINITE_RECURSION = YES;
				CLANG_WARN_INT_CONVERSION = YES;
				CLANG_WARN_NON_LITERAL_NULL_CONVERSION = YES;
				CLANG_WARN_OBJC_IMPLICIT_RETAIN_SELF = YES;
				CLANG_WARN_OBJC_LITERAL_CONVERSION = YES;
				CLANG_WARN_OBJC_ROOT_CLASS = YES_ERROR;
				CLANG_WARN_RANGE_LOOP_ANALYSIS = YES;
				CLANG_WARN_STRICT_PROTOTYPES = YES;
				CLANG_WARN_SUSPICIOUS_MOVE = YES;
				CLANG_WARN_UNGUARDED_AVAILABILITY = YES_AGGRESSIVE;
				CLANG_WARN_UNREACHABLE_CODE = YES;
				CLANG_WARN__DUPLICATE_METHOD_MATCH = YES;
				CODE_SIGN_IDENTITY = "iPhone Developer";
				COPY_PHASE_STRIP = NO;
				DEBUG_INFORMATION_FORMAT = dwarf;
				ENABLE_STRICT_OBJC_MSGSEND = YES;
				ENABLE_TESTABILITY = YES;
				GCC_C_LANGUAGE_STANDARD = gnu11;
				GCC_DYNAMIC_NO_PIC = NO;
				GCC_NO_COMMON_BLOCKS = YES;
				GCC_OPTIMIZATION_LEVEL = 0;
				GCC_PREPROCESSOR_DEFINITIONS = (
					"DEBUG=1",
					"$(inherited)",
				);
				GCC_WARN_64_TO_32_BIT_CONVERSION = YES;
				GCC_WARN_ABOUT_RETURN_TYPE = YES_ERROR;
				GCC_WARN_UNDECLARED_SELECTOR = YES;
				GCC_WARN_UNINITIALIZED_AUTOS = YES_AGGRESSIVE;
				GCC_WARN_UNUSED_FUNCTION = YES;
				GCC_WARN_UNUSED_VARIABLE = YES;
				IPHONEOS_DEPLOYMENT_TARGET = 11.3;
				MTL_ENABLE_DEBUG_INFO = YES;
				ONLY_ACTIVE_ARCH = YES;
				SDKROOT = iphoneos;
				SWIFT_ACTIVE_COMPILATION_CONDITIONS = DEBUG;
				SWIFT_OPTIMIZATION_LEVEL = "-Onone";
			};
			name = Debug;
		};
		2ADFB75D20AE2ED500246822 /* Release */ = {
			isa = XCBuildConfiguration;
			buildSettings = {
				ALWAYS_SEARCH_USER_PATHS = NO;
				CLANG_ANALYZER_NONNULL = YES;
				CLANG_ANALYZER_NUMBER_OBJECT_CONVERSION = YES_AGGRESSIVE;
				CLANG_CXX_LANGUAGE_STANDARD = "gnu++14";
				CLANG_CXX_LIBRARY = "libc++";
				CLANG_ENABLE_MODULES = YES;
				CLANG_ENABLE_OBJC_ARC = YES;
				CLANG_ENABLE_OBJC_WEAK = YES;
				CLANG_WARN_BLOCK_CAPTURE_AUTORELEASING = YES;
				CLANG_WARN_BOOL_CONVERSION = YES;
				CLANG_WARN_COMMA = YES;
				CLANG_WARN_CONSTANT_CONVERSION = YES;
				CLANG_WARN_DEPRECATED_OBJC_IMPLEMENTATIONS = YES;
				CLANG_WARN_DIRECT_OBJC_ISA_USAGE = YES_ERROR;
				CLANG_WARN_DOCUMENTATION_COMMENTS = YES;
				CLANG_WARN_EMPTY_BODY = YES;
				CLANG_WARN_ENUM_CONVERSION = YES;
				CLANG_WARN_INFINITE_RECURSION = YES;
				CLANG_WARN_INT_CONVERSION = YES;
				CLANG_WARN_NON_LITERAL_NULL_CONVERSION = YES;
				CLANG_WARN_OBJC_IMPLICIT_RETAIN_SELF = YES;
				CLANG_WARN_OBJC_LITERAL_CONVERSION = YES;
				CLANG_WARN_OBJC_ROOT_CLASS = YES_ERROR;
				CLANG_WARN_RANGE_LOOP_ANALYSIS = YES;
				CLANG_WARN_STRICT_PROTOTYPES = YES;
				CLANG_WARN_SUSPICIOUS_MOVE = YES;
				CLANG_WARN_UNGUARDED_AVAILABILITY = YES_AGGRESSIVE;
				CLANG_WARN_UNREACHABLE_CODE = YES;
				CLANG_WARN__DUPLICATE_METHOD_MATCH = YES;
				CODE_SIGN_IDENTITY = "iPhone Developer";
				COPY_PHASE_STRIP = NO;
				DEBUG_INFORMATION_FORMAT = "dwarf-with-dsym";
				ENABLE_NS_ASSERTIONS = NO;
				ENABLE_STRICT_OBJC_MSGSEND = YES;
				GCC_C_LANGUAGE_STANDARD = gnu11;
				GCC_NO_COMMON_BLOCKS = YES;
				GCC_WARN_64_TO_32_BIT_CONVERSION = YES;
				GCC_WARN_ABOUT_RETURN_TYPE = YES_ERROR;
				GCC_WARN_UNDECLARED_SELECTOR = YES;
				GCC_WARN_UNINITIALIZED_AUTOS = YES_AGGRESSIVE;
				GCC_WARN_UNUSED_FUNCTION = YES;
				GCC_WARN_UNUSED_VARIABLE = YES;
				IPHONEOS_DEPLOYMENT_TARGET = 11.3;
				MTL_ENABLE_DEBUG_INFO = NO;
				SDKROOT = iphoneos;
				SWIFT_COMPILATION_MODE = wholemodule;
				SWIFT_OPTIMIZATION_LEVEL = "-O";
				VALIDATE_PRODUCT = YES;
			};
			name = Release;
		};
		2ADFB75F20AE2ED500246822 /* Debug */ = {
			isa = XCBuildConfiguration;
			buildSettings = {
				ASSETCATALOG_COMPILER_APPICON_NAME = AppIcon;
				CODE_SIGN_STYLE = Automatic;
				DEVELOPMENT_TEAM = UDKFK4LHVR;
				INFOPLIST_FILE = GoogleMapsSearchPlaceSwift/Info.plist;
				LD_RUNPATH_SEARCH_PATHS = (
					"$(inherited)",
					"@executable_path/Frameworks",
				);
				PRODUCT_BUNDLE_IDENTIFIER = MaksimAtyutskiy.GoogleMapsSearchPlaceSwift;
				PRODUCT_NAME = "$(TARGET_NAME)";
				SWIFT_VERSION = 4.0;
				TARGETED_DEVICE_FAMILY = "1,2";
			};
			name = Debug;
		};
		2ADFB76020AE2ED500246822 /* Release */ = {
			isa = XCBuildConfiguration;
			buildSettings = {
				ASSETCATALOG_COMPILER_APPICON_NAME = AppIcon;
				CODE_SIGN_STYLE = Automatic;
				DEVELOPMENT_TEAM = UDKFK4LHVR;
				INFOPLIST_FILE = GoogleMapsSearchPlaceSwift/Info.plist;
				LD_RUNPATH_SEARCH_PATHS = (
					"$(inherited)",
					"@executable_path/Frameworks",
				);
				PRODUCT_BUNDLE_IDENTIFIER = MaksimAtyutskiy.GoogleMapsSearchPlaceSwift;
				PRODUCT_NAME = "$(TARGET_NAME)";
				SWIFT_VERSION = 4.0;
				TARGETED_DEVICE_FAMILY = "1,2";
			};
			name = Release;
		};
/* End XCBuildConfiguration section */

/* Begin XCConfigurationList section */
		2ADFB74720AE2ED300246822 /* Build configuration list for PBXProject "GoogleMapsSearchPlaceSwift" */ = {
			isa = XCConfigurationList;
			buildConfigurations = (
				2ADFB75C20AE2ED500246822 /* Debug */,
				2ADFB75D20AE2ED500246822 /* Release */,
			);
			defaultConfigurationIsVisible = 0;
			defaultConfigurationName = Release;
		};
		2ADFB75E20AE2ED500246822 /* Build configuration list for PBXNativeTarget "GoogleMapsSearchPlaceSwift" */ = {
			isa = XCConfigurationList;
			buildConfigurations = (
				2ADFB75F20AE2ED500246822 /* Debug */,
				2ADFB76020AE2ED500246822 /* Release */,
			);
			defaultConfigurationIsVisible = 0;
			defaultConfigurationName = Release;
		};
/* End XCConfigurationList section */
	};
	rootObject = 2ADFB74420AE2ED300246822 /* Project object */;
}
